
Microsoft Visual Studio Solution File, Format Version 12.00
# Visual Studio 2012
Project("{FAE04EC0-301F-11D3-BF4B-00C04F79EFBC}") = "MyQQ.Entity", "MyQQ.Entity\MyQQ.Entity.csproj", "{2304D228-4477-4871-BD42-1F852AF4754C}"
EndProject
Project("{FAE04EC0-301F-11D3-BF4B-00C04F79EFBC}") = "MyQQ.Server", "MyQQ.Server\MyQQ.Server.csproj", "{CBE3D423-CDCD-48B7-A94C-695122653F79}"
EndProject
Project("{FAE04EC0-301F-11D3-BF4B-00C04F79EFBC}") = "SmartQQ", "SmartQQ\SmartQQ.csproj", "{4CBA94A3-D54E-4022-8522-2E27A1B85017}"
EndProject
Project("{FAE04EC0-301F-11D3-BF4B-00C04F79EFBC}") = "TulingRobot", "TulingRobot\TulingRobot.csproj", "{CC74A7A2-6A64-46B8-A1BD-A94635236427}"
EndProject
Project("{FAE04EC0-301F-11D3-BF4B-00C04F79EFBC}") = "SmartTask", "SmartTask\SmartTask.csproj", "{19CC5845-76C3-4841-9CA8-04559FEE7B87}"
EndProject
Project("{FAE04EC0-301F-11D3-BF4B-00C04F79EFBC}") = "MyQQ.Server.Test", "MyQQ.Server.Test\MyQQ.Server.Test.csproj", "{CC335896-5FA1-4DDA-B119-D7CCAA13CC9F}"
EndProject
Global
	GlobalSection(SolutionConfigurationPlatforms) = preSolution
		Debug|Any CPU = Debug|Any CPU
		Release|Any CPU = Release|Any CPU
	EndGlobalSection
	GlobalSection(ProjectConfigurationPlatforms) = postSolution
		{2304D228-4477-4871-BD42-1F852AF4754C}.Debug|Any CPU.ActiveCfg = Debug|Any CPU
		{2304D228-4477-4871-BD42-1F852AF4754C}.Debug|Any CPU.Build.0 = Debug|Any CPU
		{2304D228-4477-4871-BD42-1F852AF4754C}.Release|Any CPU.ActiveCfg = Release|Any CPU
		{2304D228-4477-4871-BD42-1F852AF4754C}.Release|Any CPU.Build.0 = Release|Any CPU
		{CBE3D423-CDCD-48B7-A94C-695122653F79}.Debug|Any CPU.ActiveCfg = Debug|Any CPU
		{CBE3D423-CDCD-48B7-A94C-695122653F79}.Debug|Any CPU.Build.0 = Debug|Any CPU
		{CBE3D423-CDCD-48B7-A94C-695122653F79}.Release|Any CPU.ActiveCfg = Release|Any CPU
		{CBE3D423-CDCD-48B7-A94C-695122653F79}.Release|Any CPU.Build.0 = Release|Any CPU
		{4CBA94A3-D54E-4022-8522-2E27A1B85017}.Debug|Any CPU.ActiveCfg = Debug|Any CPU
		{4CBA94A3-D54E-4022-8522-2E27A1B85017}.Debug|Any CPU.Build.0 = Debug|Any CPU
		{4CBA94A3-D54E-4022-8522-2E27A1B85017}.Release|Any CPU.ActiveCfg = Release|Any CPU
		{4CBA94A3-D54E-4022-8522-2E27A1B85017}.Release|Any CPU.Build.0 = Release|Any CPU
		{CC74A7A2-6A64-46B8-A1BD-A94635236427}.Debug|Any CPU.ActiveCfg = Debug|Any CPU
		{CC74A7A2-6A64-46B8-A1BD-A94635236427}.Debug|Any CPU.Build.0 = Debug|Any CPU
		{CC74A7A2-6A64-46B8-A1BD-A94635236427}.Release|Any CPU.ActiveCfg = Release|Any CPU
		{CC74A7A2-6A64-46B8-A1BD-A94635236427}.Release|Any CPU.Build.0 = Release|Any CPU
		{19CC5845-76C3-4841-9CA8-04559FEE7B87}.Debug|Any CPU.ActiveCfg = Debug|Any CPU
		{19CC5845-76C3-4841-9CA8-04559FEE7B87}.Debug|Any CPU.Build.0 = Debug|Any CPU
		{19CC5845-76C3-4841-9CA8-04559FEE7B87}.Release|Any CPU.ActiveCfg = Release|Any CPU
		{19CC5845-76C3-4841-9CA8-04559FEE7B87}.Release|Any CPU.Build.0 = Release|Any CPU
		{CC335896-5FA1-4DDA-B119-D7CCAA13CC9F}.Debug|Any CPU.ActiveCfg = Debug|Any CPU
		{CC335896-5FA1-4DDA-B119-D7CCAA13CC9F}.Debug|Any CPU.Build.0 = Debug|Any CPU
		{CC335896-5FA1-4DDA-B119-D7CCAA13CC9F}.Release|Any CPU.ActiveCfg = Release|Any CPU
		{CC335896-5FA1-4DDA-B119-D7CCAA13CC9F}.Release|Any CPU.Build.0 = Release|Any CPU
	EndGlobalSection
	GlobalSection(SolutionProperties) = preSolution
		HideSolutionNode = FALSE
	EndGlobalSection
EndGlobal
